
Microsoft Visual Studio Solution File, Format Version 12.00
# Visual Studio Version 17
VisualStudioVersion = 17.14.36518.9 d17.14
MinimumVisualStudioVersion = 10.0.40219.1
Project("{FAE04EC0-301F-11D3-BF4B-00C04F79EFBC}") = "EventPlanner", "EventPlanner\EventPlanner.csproj", "{76C57DFA-3282-4450-A851-01170349F640}"
EndProject
Global
	GlobalSection(SolutionConfigurationPlatforms) = preSolution
		Debug|Any CPU = Debug|Any CPU
		Release|Any CPU = Release|Any CPU
	EndGlobalSection
	GlobalSection(ProjectConfigurationPlatforms) = postSolution
		{76C57DFA-3282-4450-A851-01170349F640}.Debug|Any CPU.ActiveCfg = Debug|Any CPU
		{76C57DFA-3282-4450-A851-01170349F640}.Debug|Any CPU.Build.0 = Debug|Any CPU
		{76C57DFA-3282-4450-A851-01170349F640}.Release|Any CPU.ActiveCfg = Release|Any CPU
		{76C57DFA-3282-4450-A851-01170349F640}.Release|Any CPU.Build.0 = Release|Any CPU
	EndGlobalSection
	GlobalSection(SolutionProperties) = preSolution
		HideSolutionNode = FALSE
	EndGlobalSection
	GlobalSection(ExtensibilityGlobals) = postSolution
		SolutionGuid = {D7CE5FE6-3461-4F58-97C0-0E781F1A8501}
	EndGlobalSection
EndGlobal
