
Microsoft Visual Studio Solution File, Format Version 12.00
# Visual Studio Version 17
VisualStudioVersion = 17.14.36518.9
MinimumVisualStudioVersion = 10.0.40219.1
Project("{FAE04EC0-301F-11D3-BF4B-00C04F79EFBC}") = "Verzekering", "Verzekering\Verzekering.csproj", "{42E164C1-3AEC-4513-847F-D301D1611B66}"
EndProject
Project("{FAE04EC0-301F-11D3-BF4B-00C04F79EFBC}") = "Ondernemingsnummer", "..\Ondernemingsnummer\Ondernemingsnummer\Ondernemingsnummer.csproj", "{86F09D9F-0820-BE51-4D68-6447F145076D}"
EndProject
Global
	GlobalSection(SolutionConfigurationPlatforms) = preSolution
		Debug|Any CPU = Debug|Any CPU
		Release|Any CPU = Release|Any CPU
	EndGlobalSection
	GlobalSection(ProjectConfigurationPlatforms) = postSolution
		{42E164C1-3AEC-4513-847F-D301D1611B66}.Debug|Any CPU.ActiveCfg = Debug|Any CPU
		{42E164C1-3AEC-4513-847F-D301D1611B66}.Debug|Any CPU.Build.0 = Debug|Any CPU
		{42E164C1-3AEC-4513-847F-D301D1611B66}.Release|Any CPU.ActiveCfg = Release|Any CPU
		{42E164C1-3AEC-4513-847F-D301D1611B66}.Release|Any CPU.Build.0 = Release|Any CPU
		{86F09D9F-0820-BE51-4D68-6447F145076D}.Debug|Any CPU.ActiveCfg = Debug|Any CPU
		{86F09D9F-0820-BE51-4D68-6447F145076D}.Debug|Any CPU.Build.0 = Debug|Any CPU
		{86F09D9F-0820-BE51-4D68-6447F145076D}.Release|Any CPU.ActiveCfg = Release|Any CPU
		{86F09D9F-0820-BE51-4D68-6447F145076D}.Release|Any CPU.Build.0 = Release|Any CPU
	EndGlobalSection
	GlobalSection(SolutionProperties) = preSolution
		HideSolutionNode = FALSE
	EndGlobalSection
	GlobalSection(ExtensibilityGlobals) = postSolution
		SolutionGuid = {00DD845F-BAC6-42E0-BFA6-39021AAE4D92}
	EndGlobalSection
EndGlobal
