
Microsoft Visual Studio Solution File, Format Version 12.00
# Visual Studio Version 17
VisualStudioVersion = 17.14.36908.2
MinimumVisualStudioVersion = 10.0.40219.1
Project("{FAE04EC0-301F-11D3-BF4B-00C04F79EFBC}") = "ChargingStation", "PE2\ChargingStation.csproj", "{73605ABD-8C16-4DB8-8640-6B0F8E5C0640}"
EndProject
Global
	GlobalSection(SolutionConfigurationPlatforms) = preSolution
		Debug|Any CPU = Debug|Any CPU
		Release|Any CPU = Release|Any CPU
	EndGlobalSection
	GlobalSection(ProjectConfigurationPlatforms) = postSolution
		{73605ABD-8C16-4DB8-8640-6B0F8E5C0640}.Debug|Any CPU.ActiveCfg = Debug|Any CPU
		{73605ABD-8C16-4DB8-8640-6B0F8E5C0640}.Debug|Any CPU.Build.0 = Debug|Any CPU
		{73605ABD-8C16-4DB8-8640-6B0F8E5C0640}.Release|Any CPU.ActiveCfg = Release|Any CPU
		{73605ABD-8C16-4DB8-8640-6B0F8E5C0640}.Release|Any CPU.Build.0 = Release|Any CPU
	EndGlobalSection
	GlobalSection(SolutionProperties) = preSolution
		HideSolutionNode = FALSE
	EndGlobalSection
	GlobalSection(ExtensibilityGlobals) = postSolution
		SolutionGuid = {6E4F57B2-5B89-4E09-A138-0ABA1DAA6CEB}
	EndGlobalSection
EndGlobal
